
Microsoft Visual Studio Solution File, Format Version 12.00
# Visual Studio Version 16
VisualStudioVersion = 16.0.31019.35
MinimumVisualStudioVersion = 10.0.40219.1
Project("{9A19103F-16F7-4668-BE54-9A1E7A4F7556}") = "RedisTEST", "RedisTEST\RedisTEST.csproj", "{8A377CAE-834E-42F0-89E0-47966C22FA12}"
EndProject
Project("{2150E333-8FDC-42A3-9474-1A3956D46DE8}") = "1 - WebAPI", "1 - WebAPI", "{1FDF3229-D0EA-4E35-8B1D-439DE94A1F05}"
EndProject
Project("{2150E333-8FDC-42A3-9474-1A3956D46DE8}") = "2 - NuggetPackage", "2 - NuggetPackage", "{DB28C9B9-20AF-43BD-82FF-1EF30AB0BA98}"
EndProject
Project("{2150E333-8FDC-42A3-9474-1A3956D46DE8}") = "Cache", "Cache", "{144AF774-5ECC-428A-8974-2B105B041537}"
EndProject
Project("{9A19103F-16F7-4668-BE54-9A1E7A4F7556}") = "MHCache", "MHCache\MHCache.csproj", "{45B26534-AB67-403F-89E6-167C53AC8FC2}"
EndProject
Project("{9A19103F-16F7-4668-BE54-9A1E7A4F7556}") = "MHCache.AspNetCore.Filters", "MHCache.AspNetCore.Filters\MHCache.AspNetCore.Filters.csproj", "{D4BEBE84-39C0-4656-9531-0A82F882706D}"
EndProject
Project("{2150E333-8FDC-42A3-9474-1A3956D46DE8}") = "3 - Tests", "3 - Tests", "{D6970BDF-76CB-463F-89C2-80F4F00CCFAE}"
EndProject
Project("{FAE04EC0-301F-11D3-BF4B-00C04F79EFBC}") = "RedisCacheTESTS", "RedisCacheTESTS\RedisCacheTESTS.csproj", "{AC3309AC-26B4-4604-863A-A971E178E9BC}"
EndProject
Global
	GlobalSection(SolutionConfigurationPlatforms) = preSolution
		Debug|Any CPU = Debug|Any CPU
		Release|Any CPU = Release|Any CPU
	EndGlobalSection
	GlobalSection(ProjectConfigurationPlatforms) = postSolution
		{8A377CAE-834E-42F0-89E0-47966C22FA12}.Debug|Any CPU.ActiveCfg = Debug|Any CPU
		{8A377CAE-834E-42F0-89E0-47966C22FA12}.Debug|Any CPU.Build.0 = Debug|Any CPU
		{8A377CAE-834E-42F0-89E0-47966C22FA12}.Release|Any CPU.ActiveCfg = Release|Any CPU
		{8A377CAE-834E-42F0-89E0-47966C22FA12}.Release|Any CPU.Build.0 = Release|Any CPU
		{45B26534-AB67-403F-89E6-167C53AC8FC2}.Debug|Any CPU.ActiveCfg = Debug|Any CPU
		{45B26534-AB67-403F-89E6-167C53AC8FC2}.Debug|Any CPU.Build.0 = Debug|Any CPU
		{45B26534-AB67-403F-89E6-167C53AC8FC2}.Release|Any CPU.ActiveCfg = Release|Any CPU
		{45B26534-AB67-403F-89E6-167C53AC8FC2}.Release|Any CPU.Build.0 = Release|Any CPU
		{D4BEBE84-39C0-4656-9531-0A82F882706D}.Debug|Any CPU.ActiveCfg = Debug|Any CPU
		{D4BEBE84-39C0-4656-9531-0A82F882706D}.Debug|Any CPU.Build.0 = Debug|Any CPU
		{D4BEBE84-39C0-4656-9531-0A82F882706D}.Release|Any CPU.ActiveCfg = Release|Any CPU
		{D4BEBE84-39C0-4656-9531-0A82F882706D}.Release|Any CPU.Build.0 = Release|Any CPU
		{AC3309AC-26B4-4604-863A-A971E178E9BC}.Debug|Any CPU.ActiveCfg = Debug|Any CPU
		{AC3309AC-26B4-4604-863A-A971E178E9BC}.Debug|Any CPU.Build.0 = Debug|Any CPU
		{AC3309AC-26B4-4604-863A-A971E178E9BC}.Release|Any CPU.ActiveCfg = Release|Any CPU
		{AC3309AC-26B4-4604-863A-A971E178E9BC}.Release|Any CPU.Build.0 = Release|Any CPU
	EndGlobalSection
	GlobalSection(SolutionProperties) = preSolution
		HideSolutionNode = FALSE
	EndGlobalSection
	GlobalSection(NestedProjects) = preSolution
		{8A377CAE-834E-42F0-89E0-47966C22FA12} = {1FDF3229-D0EA-4E35-8B1D-439DE94A1F05}
		{144AF774-5ECC-428A-8974-2B105B041537} = {DB28C9B9-20AF-43BD-82FF-1EF30AB0BA98}
		{45B26534-AB67-403F-89E6-167C53AC8FC2} = {144AF774-5ECC-428A-8974-2B105B041537}
		{D4BEBE84-39C0-4656-9531-0A82F882706D} = {144AF774-5ECC-428A-8974-2B105B041537}
		{AC3309AC-26B4-4604-863A-A971E178E9BC} = {D6970BDF-76CB-463F-89C2-80F4F00CCFAE}
	EndGlobalSection
	GlobalSection(ExtensibilityGlobals) = postSolution
		SolutionGuid = {0F162F89-B599-4A0C-96D9-F8F02C81B066}
	EndGlobalSection
EndGlobal
